// !$*UTF8*$!
{
	archiveVersion = 1;
	classes = {
	};
	objectVersion = 77;
	objects = {

/* Begin PBXBuildFile section */
		E8A3AF8B2DB4845C006FE41B /* DataManager.swift in Sources */ = {isa = PBXBuildFile; fileRef = E8A3AF8A2DB4845C006FE41B /* DataManager.swift */; };
		E8A3AF8D2DB48751006FE41B /* String+Ext.swift in Sources */ = {isa = PBXBuildFile; fileRef = E8A3AF8C2DB48751006FE41B /* String+Ext.swift */; };
		E8A3AF8F2DB489CB006FE41B /* CampfireViewModel.swift in Sources */ = {isa = PBXBuildFile; fileRef = E8A3AF8E2DB489CB006FE41B /* CampfireViewModel.swift */; };
		E8A3AF912DB4A62B006FE41B /* Date+Ext.swift in Sources */ = {isa = PBXBuildFile; fileRef = E8A3AF902DB4A62B006FE41B /* Date+Ext.swift */; };
		E8A3AF942DB4AE6F006FE41B /* CFOnboardingNextButton.swift in Sources */ = {isa = PBXBuildFile; fileRef = E8A3AF932DB4AE6F006FE41B /* CFOnboardingNextButton.swift */; };
		E8A3AF962DB4B1B9006FE41B /* ContactsManager.swift in Sources */ = {isa = PBXBuildFile; fileRef = E8A3AF952DB4B1B3006FE41B /* ContactsManager.swift */; };
		E8A3AF982DB4B8BD006FE41B /* CNContact+Ext.swift in Sources */ = {isa = PBXBuildFile; fileRef = E8A3AF972DB4B8BD006FE41B /* CNContact+Ext.swift */; };
		E8A3AF9A2DB4FBBC006FE41B /* CFEmptyView.swift in Sources */ = {isa = PBXBuildFile; fileRef = E8A3AF992DB4FBBC006FE41B /* CFEmptyView.swift */; };
		E8A3AF9C2DB51588006FE41B /* ContactsView.swift in Sources */ = {isa = PBXBuildFile; fileRef = E8A3AF9B2DB51588006FE41B /* ContactsView.swift */; };
		E8A3AF9E2DB51607006FE41B /* CFProfileImageView.swift in Sources */ = {isa = PBXBuildFile; fileRef = E8A3AF9D2DB51607006FE41B /* CFProfileImageView.swift */; };
		E8F00C0B2DB42BB2007BDCD1 /* CampfireApp.swift in Sources */ = {isa = PBXBuildFile; fileRef = E8F00C082DB42BB2007BDCD1 /* CampfireApp.swift */; };
		E8F00C0C2DB42BB2007BDCD1 /* ContentView.swift in Sources */ = {isa = PBXBuildFile; fileRef = E8F00C092DB42BB2007BDCD1 /* ContentView.swift */; };
		E8F00C0D2DB42BB2007BDCD1 /* Assets.xcassets in Resources */ = {isa = PBXBuildFile; fileRef = E8F00C072DB42BB2007BDCD1 /* Assets.xcassets */; };
		E8F00C142DB42D5E007BDCD1 /* OFL.txt in Resources */ = {isa = PBXBuildFile; fileRef = E8F00C122DB42D5E007BDCD1 /* OFL.txt */; };
		E8F00C152DB42D5E007BDCD1 /* Arvo-Bold.ttf in Resources */ = {isa = PBXBuildFile; fileRef = E8F00C0E2DB42D5E007BDCD1 /* Arvo-Bold.ttf */; };
		E8F00C162DB42D5E007BDCD1 /* Arvo-Regular.ttf in Resources */ = {isa = PBXBuildFile; fileRef = E8F00C112DB42D5E007BDCD1 /* Arvo-Regular.ttf */; };
		E8F00C172DB42D5E007BDCD1 /* Arvo-BoldItalic.ttf in Resources */ = {isa = PBXBuildFile; fileRef = E8F00C0F2DB42D5E007BDCD1 /* Arvo-BoldItalic.ttf */; };
		E8F00C182DB42D5E007BDCD1 /* Arvo-Italic.ttf in Resources */ = {isa = PBXBuildFile; fileRef = E8F00C102DB42D5E007BDCD1 /* Arvo-Italic.ttf */; };
		E8F00C2D2DB431AB007BDCD1 /* CFFont.swift in Sources */ = {isa = PBXBuildFile; fileRef = E8F00C2C2DB431AB007BDCD1 /* CFFont.swift */; };
		E8F00C2F2DB43DAC007BDCD1 /* DepthButtonStyle.swift in Sources */ = {isa = PBXBuildFile; fileRef = E8F00C2E2DB43DAC007BDCD1 /* DepthButtonStyle.swift */; };
		E8F00C332DB43F4F007BDCD1 /* CFActionButton.swift in Sources */ = {isa = PBXBuildFile; fileRef = E8F00C322DB43F4F007BDCD1 /* CFActionButton.swift */; };
		E8F00C392DB441A6007BDCD1 /* HeaderTitleTextFieldView.swift in Sources */ = {isa = PBXBuildFile; fileRef = E8F00C372DB441A6007BDCD1 /* HeaderTitleTextFieldView.swift */; };
		E8F00C3B2DB441FE007BDCD1 /* OnboardingView.swift in Sources */ = {isa = PBXBuildFile; fileRef = E8F00C3A2DB441FE007BDCD1 /* OnboardingView.swift */; };
		E8F00C3D2DB447C0007BDCD1 /* View+Ext.swift in Sources */ = {isa = PBXBuildFile; fileRef = E8F00C3C2DB447C0007BDCD1 /* View+Ext.swift */; };
		E8F00C3F2DB44F05007BDCD1 /* CFPickerView.swift in Sources */ = {isa = PBXBuildFile; fileRef = E8F00C3E2DB44F05007BDCD1 /* CFPickerView.swift */; };
		E8F00C412DB4631E007BDCD1 /* CatchupView.swift in Sources */ = {isa = PBXBuildFile; fileRef = E8F00C402DB4631E007BDCD1 /* CatchupView.swift */; };
		E8F00C432DB46576007BDCD1 /* Models.swift in Sources */ = {isa = PBXBuildFile; fileRef = E8F00C422DB46576007BDCD1 /* Models.swift */; };
		E8F00C452DB46693007BDCD1 /* Color+Ext.swift in Sources */ = {isa = PBXBuildFile; fileRef = E8F00C442DB46693007BDCD1 /* Color+Ext.swift */; };
/* End PBXBuildFile section */

/* Begin PBXFileReference section */
		E8A3AF8A2DB4845C006FE41B /* DataManager.swift */ = {isa = PBXFileReference; lastKnownFileType = sourcecode.swift; path = DataManager.swift; sourceTree = "<group>"; };
		E8A3AF8C2DB48751006FE41B /* String+Ext.swift */ = {isa = PBXFileReference; lastKnownFileType = sourcecode.swift; path = "String+Ext.swift"; sourceTree = "<group>"; };
		E8A3AF8E2DB489CB006FE41B /* CampfireViewModel.swift */ = {isa = PBXFileReference; lastKnownFileType = sourcecode.swift; path = CampfireViewModel.swift; sourceTree = "<group>"; };
		E8A3AF902DB4A62B006FE41B /* Date+Ext.swift */ = {isa = PBXFileReference; lastKnownFileType = sourcecode.swift; path = "Date+Ext.swift"; sourceTree = "<group>"; };
		E8A3AF932DB4AE6F006FE41B /* CFOnboardingNextButton.swift */ = {isa = PBXFileReference; lastKnownFileType = sourcecode.swift; path = CFOnboardingNextButton.swift; sourceTree = "<group>"; };
		E8A3AF952DB4B1B3006FE41B /* ContactsManager.swift */ = {isa = PBXFileReference; lastKnownFileType = sourcecode.swift; path = ContactsManager.swift; sourceTree = "<group>"; };
		E8A3AF972DB4B8BD006FE41B /* CNContact+Ext.swift */ = {isa = PBXFileReference; lastKnownFileType = sourcecode.swift; path = "CNContact+Ext.swift"; sourceTree = "<group>"; };
		E8A3AF992DB4FBBC006FE41B /* CFEmptyView.swift */ = {isa = PBXFileReference; lastKnownFileType = sourcecode.swift; path = CFEmptyView.swift; sourceTree = "<group>"; };
		E8A3AF9B2DB51588006FE41B /* ContactsView.swift */ = {isa = PBXFileReference; lastKnownFileType = sourcecode.swift; path = ContactsView.swift; sourceTree = "<group>"; };
		E8A3AF9D2DB51607006FE41B /* CFProfileImageView.swift */ = {isa = PBXFileReference; lastKnownFileType = sourcecode.swift; path = CFProfileImageView.swift; sourceTree = "<group>"; };
		E8F00BF92DB42B7A007BDCD1 /* Campfire.app */ = {isa = PBXFileReference; explicitFileType = wrapper.application; includeInIndex = 0; path = Campfire.app; sourceTree = BUILT_PRODUCTS_DIR; };
		E8F00C072DB42BB2007BDCD1 /* Assets.xcassets */ = {isa = PBXFileReference; lastKnownFileType = folder.assetcatalog; path = Assets.xcassets; sourceTree = "<group>"; };
		E8F00C082DB42BB2007BDCD1 /* CampfireApp.swift */ = {isa = PBXFileReference; lastKnownFileType = sourcecode.swift; path = CampfireApp.swift; sourceTree = "<group>"; };
		E8F00C092DB42BB2007BDCD1 /* ContentView.swift */ = {isa = PBXFileReference; lastKnownFileType = sourcecode.swift; path = ContentView.swift; sourceTree = "<group>"; };
		E8F00C0E2DB42D5E007BDCD1 /* Arvo-Bold.ttf */ = {isa = PBXFileReference; lastKnownFileType = file; path = "Arvo-Bold.ttf"; sourceTree = "<group>"; };
		E8F00C0F2DB42D5E007BDCD1 /* Arvo-BoldItalic.ttf */ = {isa = PBXFileReference; lastKnownFileType = file; path = "Arvo-BoldItalic.ttf"; sourceTree = "<group>"; };
		E8F00C102DB42D5E007BDCD1 /* Arvo-Italic.ttf */ = {isa = PBXFileReference; lastKnownFileType = file; path = "Arvo-Italic.ttf"; sourceTree = "<group>"; };
		E8F00C112DB42D5E007BDCD1 /* Arvo-Regular.ttf */ = {isa = PBXFileReference; lastKnownFileType = file; path = "Arvo-Regular.ttf"; sourceTree = "<group>"; };
		E8F00C122DB42D5E007BDCD1 /* OFL.txt */ = {isa = PBXFileReference; lastKnownFileType = text; path = OFL.txt; sourceTree = "<group>"; };
		E8F00C1B2DB42E1C007BDCD1 /* Info.plist */ = {isa = PBXFileReference; lastKnownFileType = text.plist.xml; path = Info.plist; sourceTree = "<group>"; };
		E8F00C2C2DB431AB007BDCD1 /* CFFont.swift */ = {isa = PBXFileReference; lastKnownFileType = sourcecode.swift; path = CFFont.swift; sourceTree = "<group>"; };
		E8F00C2E2DB43DAC007BDCD1 /* DepthButtonStyle.swift */ = {isa = PBXFileReference; lastKnownFileType = sourcecode.swift; path = DepthButtonStyle.swift; sourceTree = "<group>"; };
		E8F00C322DB43F4F007BDCD1 /* CFActionButton.swift */ = {isa = PBXFileReference; lastKnownFileType = sourcecode.swift; path = CFActionButton.swift; sourceTree = "<group>"; };
		E8F00C372DB441A6007BDCD1 /* HeaderTitleTextFieldView.swift */ = {isa = PBXFileReference; lastKnownFileType = sourcecode.swift; path = HeaderTitleTextFieldView.swift; sourceTree = "<group>"; };
		E8F00C3A2DB441FE007BDCD1 /* OnboardingView.swift */ = {isa = PBXFileReference; lastKnownFileType = sourcecode.swift; path = OnboardingView.swift; sourceTree = "<group>"; };
		E8F00C3C2DB447C0007BDCD1 /* View+Ext.swift */ = {isa = PBXFileReference; lastKnownFileType = sourcecode.swift; path = "View+Ext.swift"; sourceTree = "<group>"; };
		E8F00C3E2DB44F05007BDCD1 /* CFPickerView.swift */ = {isa = PBXFileReference; lastKnownFileType = sourcecode.swift; path = CFPickerView.swift; sourceTree = "<group>"; };
		E8F00C402DB4631E007BDCD1 /* CatchupView.swift */ = {isa = PBXFileReference; lastKnownFileType = sourcecode.swift; path = CatchupView.swift; sourceTree = "<group>"; };
		E8F00C422DB46576007BDCD1 /* Models.swift */ = {isa = PBXFileReference; lastKnownFileType = sourcecode.swift; path = Models.swift; sourceTree = "<group>"; };
		E8F00C442DB46693007BDCD1 /* Color+Ext.swift */ = {isa = PBXFileReference; lastKnownFileType = sourcecode.swift; path = "Color+Ext.swift"; sourceTree = "<group>"; };
/* End PBXFileReference section */

/* Begin PBXFrameworksBuildPhase section */
		E8F00BF62DB42B7A007BDCD1 /* Frameworks */ = {
			isa = PBXFrameworksBuildPhase;
			buildActionMask = 2147483647;
			files = (
			);
			runOnlyForDeploymentPostprocessing = 0;
		};
/* End PBXFrameworksBuildPhase section */

/* Begin PBXGroup section */
		E8A3AF922DB4A64E006FE41B /* Extensions */ = {
			isa = PBXGroup;
			children = (
				E8F00C442DB46693007BDCD1 /* Color+Ext.swift */,
				E8A3AF972DB4B8BD006FE41B /* CNContact+Ext.swift */,
				E8F00C3C2DB447C0007BDCD1 /* View+Ext.swift */,
				E8A3AF8C2DB48751006FE41B /* String+Ext.swift */,
				E8A3AF902DB4A62B006FE41B /* Date+Ext.swift */,
			);
			path = Extensions;
			sourceTree = "<group>";
		};
		E8F00BF02DB42B7A007BDCD1 = {
			isa = PBXGroup;
			children = (
				E8F00C0A2DB42BB2007BDCD1 /* Campfire */,
				E8F00BFA2DB42B7A007BDCD1 /* Products */,
			);
			sourceTree = "<group>";
		};
		E8F00BFA2DB42B7A007BDCD1 /* Products */ = {
			isa = PBXGroup;
			children = (
				E8F00BF92DB42B7A007BDCD1 /* Campfire.app */,
			);
			name = Products;
			sourceTree = "<group>";
		};
		E8F00C0A2DB42BB2007BDCD1 /* Campfire */ = {
			isa = PBXGroup;
			children = (
				E8F00C132DB42D5E007BDCD1 /* Arvo */,
				E8F00C382DB441A6007BDCD1 /* Components */,
				E8A3AF922DB4A64E006FE41B /* Extensions */,
				E8F00C422DB46576007BDCD1 /* Models.swift */,
				E8A3AF8E2DB489CB006FE41B /* CampfireViewModel.swift */,
				E8A3AF8A2DB4845C006FE41B /* DataManager.swift */,
				E8A3AF952DB4B1B3006FE41B /* ContactsManager.swift */,
				E8F00C082DB42BB2007BDCD1 /* CampfireApp.swift */,
				E8F00C2C2DB431AB007BDCD1 /* CFFont.swift */,
				E8F00C092DB42BB2007BDCD1 /* ContentView.swift */,
				E8F00C3A2DB441FE007BDCD1 /* OnboardingView.swift */,
				E8F00C402DB4631E007BDCD1 /* CatchupView.swift */,
				E8A3AF9B2DB51588006FE41B /* ContactsView.swift */,
				E8F00C072DB42BB2007BDCD1 /* Assets.xcassets */,
				E8F00C1B2DB42E1C007BDCD1 /* Info.plist */,
			);
			path = Campfire;
			sourceTree = "<group>";
		};
		E8F00C132DB42D5E007BDCD1 /* Arvo */ = {
			isa = PBXGroup;
			children = (
				E8F00C0E2DB42D5E007BDCD1 /* Arvo-Bold.ttf */,
				E8F00C0F2DB42D5E007BDCD1 /* Arvo-BoldItalic.ttf */,
				E8F00C102DB42D5E007BDCD1 /* Arvo-Italic.ttf */,
				E8F00C112DB42D5E007BDCD1 /* Arvo-Regular.ttf */,
				E8F00C122DB42D5E007BDCD1 /* OFL.txt */,
			);
			path = Arvo;
			sourceTree = "<group>";
		};
		E8F00C382DB441A6007BDCD1 /* Components */ = {
			isa = PBXGroup;
			children = (
				E8F00C322DB43F4F007BDCD1 /* CFActionButton.swift */,
				E8F00C2E2DB43DAC007BDCD1 /* DepthButtonStyle.swift */,
				E8F00C372DB441A6007BDCD1 /* HeaderTitleTextFieldView.swift */,
				E8F00C3E2DB44F05007BDCD1 /* CFPickerView.swift */,
				E8A3AF932DB4AE6F006FE41B /* CFOnboardingNextButton.swift */,
				E8A3AF992DB4FBBC006FE41B /* CFEmptyView.swift */,
				E8A3AF9D2DB51607006FE41B /* CFProfileImageView.swift */,
			);
			path = Components;
			sourceTree = "<group>";
		};
/* End PBXGroup section */

/* Begin PBXNativeTarget section */
		E8F00BF82DB42B7A007BDCD1 /* Campfire */ = {
			isa = PBXNativeTarget;
			buildConfigurationList = E8F00C042DB42B7C007BDCD1 /* Build configuration list for PBXNativeTarget "Campfire" */;
			buildPhases = (
				E8F00BF52DB42B7A007BDCD1 /* Sources */,
				E8F00BF62DB42B7A007BDCD1 /* Frameworks */,
				E8F00BF72DB42B7A007BDCD1 /* Resources */,
			);
			buildRules = (
			);
			dependencies = (
			);
			name = Campfire;
			packageProductDependencies = (
			);
			productName = Campfire;
			productReference = E8F00BF92DB42B7A007BDCD1 /* Campfire.app */;
			productType = "com.apple.product-type.application";
		};
/* End PBXNativeTarget section */

/* Begin PBXProject section */
		E8F00BF12DB42B7A007BDCD1 /* Project object */ = {
			isa = PBXProject;
			attributes = {
				BuildIndependentTargetsInParallel = 1;
				LastSwiftUpdateCheck = 1630;
				LastUpgradeCheck = 1630;
				TargetAttributes = {
					E8F00BF82DB42B7A007BDCD1 = {
						CreatedOnToolsVersion = 16.3;
					};
				};
			};
			buildConfigurationList = E8F00BF42DB42B7A007BDCD1 /* Build configuration list for PBXProject "Campfire" */;
			developmentRegion = en;
			hasScannedForEncodings = 0;
			knownRegions = (
				en,
				Base,
			);
			mainGroup = E8F00BF02DB42B7A007BDCD1;
			minimizedProjectReferenceProxies = 1;
			preferredProjectObjectVersion = 77;
			productRefGroup = E8F00BFA2DB42B7A007BDCD1 /* Products */;
			projectDirPath = "";
			projectRoot = "";
			targets = (
				E8F00BF82DB42B7A007BDCD1 /* Campfire */,
			);
		};
/* End PBXProject section */

/* Begin PBXResourcesBuildPhase section */
		E8F00BF72DB42B7A007BDCD1 /* Resources */ = {
			isa = PBXResourcesBuildPhase;
			buildActionMask = 2147483647;
			files = (
				E8F00C0D2DB42BB2007BDCD1 /* Assets.xcassets in Resources */,
				E8F00C142DB42D5E007BDCD1 /* OFL.txt in Resources */,
				E8F00C152DB42D5E007BDCD1 /* Arvo-Bold.ttf in Resources */,
				E8F00C162DB42D5E007BDCD1 /* Arvo-Regular.ttf in Resources */,
				E8F00C172DB42D5E007BDCD1 /* Arvo-BoldItalic.ttf in Resources */,
				E8F00C182DB42D5E007BDCD1 /* Arvo-Italic.ttf in Resources */,
			);
			runOnlyForDeploymentPostprocessing = 0;
		};
/* End PBXResourcesBuildPhase section */

/* Begin PBXSourcesBuildPhase section */
		E8F00BF52DB42B7A007BDCD1 /* Sources */ = {
			isa = PBXSourcesBuildPhase;
			buildActionMask = 2147483647;
			files = (
				E8F00C432DB46576007BDCD1 /* Models.swift in Sources */,
				E8F00C452DB46693007BDCD1 /* Color+Ext.swift in Sources */,
				E8F00C3D2DB447C0007BDCD1 /* View+Ext.swift in Sources */,
				E8A3AF912DB4A62B006FE41B /* Date+Ext.swift in Sources */,
				E8F00C0B2DB42BB2007BDCD1 /* CampfireApp.swift in Sources */,
				E8A3AF9E2DB51607006FE41B /* CFProfileImageView.swift in Sources */,
				E8A3AF942DB4AE6F006FE41B /* CFOnboardingNextButton.swift in Sources */,
				E8A3AF9C2DB51588006FE41B /* ContactsView.swift in Sources */,
				E8F00C332DB43F4F007BDCD1 /* CFActionButton.swift in Sources */,
				E8A3AF9A2DB4FBBC006FE41B /* CFEmptyView.swift in Sources */,
				E8F00C3F2DB44F05007BDCD1 /* CFPickerView.swift in Sources */,
				E8F00C0C2DB42BB2007BDCD1 /* ContentView.swift in Sources */,
				E8F00C2D2DB431AB007BDCD1 /* CFFont.swift in Sources */,
				E8A3AF962DB4B1B9006FE41B /* ContactsManager.swift in Sources */,
				E8A3AF8D2DB48751006FE41B /* String+Ext.swift in Sources */,
				E8F00C392DB441A6007BDCD1 /* HeaderTitleTextFieldView.swift in Sources */,
				E8F00C2F2DB43DAC007BDCD1 /* DepthButtonStyle.swift in Sources */,
				E8F00C3B2DB441FE007BDCD1 /* OnboardingView.swift in Sources */,
				E8A3AF8F2DB489CB006FE41B /* CampfireViewModel.swift in Sources */,
				E8A3AF8B2DB4845C006FE41B /* DataManager.swift in Sources */,
				E8A3AF982DB4B8BD006FE41B /* CNContact+Ext.swift in Sources */,
				E8F00C412DB4631E007BDCD1 /* CatchupView.swift in Sources */,
			);
			runOnlyForDeploymentPostprocessing = 0;
		};
/* End PBXSourcesBuildPhase section */

/* Begin XCBuildConfiguration section */
		E8F00C022DB42B7C007BDCD1 /* Debug */ = {
			isa = XCBuildConfiguration;
			buildSettings = {
				ALWAYS_SEARCH_USER_PATHS = NO;
				ASSETCATALOG_COMPILER_GENERATE_SWIFT_ASSET_SYMBOL_EXTENSIONS = YES;
				CLANG_ANALYZER_NONNULL = YES;
				CLANG_ANALYZER_NUMBER_OBJECT_CONVERSION = YES_AGGRESSIVE;
				CLANG_CXX_LANGUAGE_STANDARD = "gnu++20";
				CLANG_ENABLE_MODULES = YES;
				CLANG_ENABLE_OBJC_ARC = YES;
				CLANG_ENABLE_OBJC_WEAK = YES;
				CLANG_WARN_BLOCK_CAPTURE_AUTORELEASING = YES;
				CLANG_WARN_BOOL_CONVERSION = YES;
				CLANG_WARN_COMMA = YES;
				CLANG_WARN_CONSTANT_CONVERSION = YES;
				CLANG_WARN_DEPRECATED_OBJC_IMPLEMENTATIONS = YES;
				CLANG_WARN_DIRECT_OBJC_ISA_USAGE = YES_ERROR;
				CLANG_WARN_DOCUMENTATION_COMMENTS = YES;
				CLANG_WARN_EMPTY_BODY = YES;
				CLANG_WARN_ENUM_CONVERSION = YES;
				CLANG_WARN_INFINITE_RECURSION = YES;
				CLANG_WARN_INT_CONVERSION = YES;
				CLANG_WARN_NON_LITERAL_NULL_CONVERSION = YES;
				CLANG_WARN_OBJC_IMPLICIT_RETAIN_SELF = YES;
				CLANG_WARN_OBJC_LITERAL_CONVERSION = YES;
				CLANG_WARN_OBJC_ROOT_CLASS = YES_ERROR;
				CLANG_WARN_QUOTED_INCLUDE_IN_FRAMEWORK_HEADER = YES;
				CLANG_WARN_RANGE_LOOP_ANALYSIS = YES;
				CLANG_WARN_STRICT_PROTOTYPES = YES;
				CLANG_WARN_SUSPICIOUS_MOVE = YES;
				CLANG_WARN_UNGUARDED_AVAILABILITY = YES_AGGRESSIVE;
				CLANG_WARN_UNREACHABLE_CODE = YES;
				CLANG_WARN__DUPLICATE_METHOD_MATCH = YES;
				COPY_PHASE_STRIP = NO;
				DEBUG_INFORMATION_FORMAT = dwarf;
				DEVELOPMENT_TEAM = 2XN7A3Y7GG;
				ENABLE_STRICT_OBJC_MSGSEND = YES;
				ENABLE_TESTABILITY = YES;
				ENABLE_USER_SCRIPT_SANDBOXING = YES;
				GCC_C_LANGUAGE_STANDARD = gnu17;
				GCC_DYNAMIC_NO_PIC = NO;
				GCC_NO_COMMON_BLOCKS = YES;
				GCC_OPTIMIZATION_LEVEL = 0;
				GCC_PREPROCESSOR_DEFINITIONS = (
					"DEBUG=1",
					"$(inherited)",
				);
				GCC_WARN_64_TO_32_BIT_CONVERSION = YES;
				GCC_WARN_ABOUT_RETURN_TYPE = YES_ERROR;
				GCC_WARN_UNDECLARED_SELECTOR = YES;
				GCC_WARN_UNINITIALIZED_AUTOS = YES_AGGRESSIVE;
				GCC_WARN_UNUSED_FUNCTION = YES;
				GCC_WARN_UNUSED_VARIABLE = YES;
				IPHONEOS_DEPLOYMENT_TARGET = 18.4;
				LOCALIZATION_PREFERS_STRING_CATALOGS = YES;
				MTL_ENABLE_DEBUG_INFO = INCLUDE_SOURCE;
				MTL_FAST_MATH = YES;
				ONLY_ACTIVE_ARCH = YES;
				SDKROOT = iphoneos;
				SWIFT_ACTIVE_COMPILATION_CONDITIONS = "DEBUG $(inherited)";
				SWIFT_OPTIMIZATION_LEVEL = "-Onone";
			};
			name = Debug;
		};
		E8F00C032DB42B7C007BDCD1 /* Release */ = {
			isa = XCBuildConfiguration;
			buildSettings = {
				ALWAYS_SEARCH_USER_PATHS = NO;
				ASSETCATALOG_COMPILER_GENERATE_SWIFT_ASSET_SYMBOL_EXTENSIONS = YES;
				CLANG_ANALYZER_NONNULL = YES;
				CLANG_ANALYZER_NUMBER_OBJECT_CONVERSION = YES_AGGRESSIVE;
				CLANG_CXX_LANGUAGE_STANDARD = "gnu++20";
				CLANG_ENABLE_MODULES = YES;
				CLANG_ENABLE_OBJC_ARC = YES;
				CLANG_ENABLE_OBJC_WEAK = YES;
				CLANG_WARN_BLOCK_CAPTURE_AUTORELEASING = YES;
				CLANG_WARN_BOOL_CONVERSION = YES;
				CLANG_WARN_COMMA = YES;
				CLANG_WARN_CONSTANT_CONVERSION = YES;
				CLANG_WARN_DEPRECATED_OBJC_IMPLEMENTATIONS = YES;
				CLANG_WARN_DIRECT_OBJC_ISA_USAGE = YES_ERROR;
				CLANG_WARN_DOCUMENTATION_COMMENTS = YES;
				CLANG_WARN_EMPTY_BODY = YES;
				CLANG_WARN_ENUM_CONVERSION = YES;
				CLANG_WARN_INFINITE_RECURSION = YES;
				CLANG_WARN_INT_CONVERSION = YES;
				CLANG_WARN_NON_LITERAL_NULL_CONVERSION = YES;
				CLANG_WARN_OBJC_IMPLICIT_RETAIN_SELF = YES;
				CLANG_WARN_OBJC_LITERAL_CONVERSION = YES;
				CLANG_WARN_OBJC_ROOT_CLASS = YES_ERROR;
				CLANG_WARN_QUOTED_INCLUDE_IN_FRAMEWORK_HEADER = YES;
				CLANG_WARN_RANGE_LOOP_ANALYSIS = YES;
				CLANG_WARN_STRICT_PROTOTYPES = YES;
				CLANG_WARN_SUSPICIOUS_MOVE = YES;
				CLANG_WARN_UNGUARDED_AVAILABILITY = YES_AGGRESSIVE;
				CLANG_WARN_UNREACHABLE_CODE = YES;
				CLANG_WARN__DUPLICATE_METHOD_MATCH = YES;
				COPY_PHASE_STRIP = NO;
				DEBUG_INFORMATION_FORMAT = "dwarf-with-dsym";
				DEVELOPMENT_TEAM = 2XN7A3Y7GG;
				ENABLE_NS_ASSERTIONS = NO;
				ENABLE_STRICT_OBJC_MSGSEND = YES;
				ENABLE_USER_SCRIPT_SANDBOXING = YES;
				GCC_C_LANGUAGE_STANDARD = gnu17;
				GCC_NO_COMMON_BLOCKS = YES;
				GCC_WARN_64_TO_32_BIT_CONVERSION = YES;
				GCC_WARN_ABOUT_RETURN_TYPE = YES_ERROR;
				GCC_WARN_UNDECLARED_SELECTOR = YES;
				GCC_WARN_UNINITIALIZED_AUTOS = YES_AGGRESSIVE;
				GCC_WARN_UNUSED_FUNCTION = YES;
				GCC_WARN_UNUSED_VARIABLE = YES;
				IPHONEOS_DEPLOYMENT_TARGET = 18.4;
				LOCALIZATION_PREFERS_STRING_CATALOGS = YES;
				MTL_ENABLE_DEBUG_INFO = NO;
				MTL_FAST_MATH = YES;
				SDKROOT = iphoneos;
				SWIFT_COMPILATION_MODE = wholemodule;
				VALIDATE_PRODUCT = YES;
			};
			name = Release;
		};
		E8F00C052DB42B7C007BDCD1 /* Debug */ = {
			isa = XCBuildConfiguration;
			buildSettings = {
				ASSETCATALOG_COMPILER_APPICON_NAME = AppIcon;
				ASSETCATALOG_COMPILER_GLOBAL_ACCENT_COLOR_NAME = AccentColor;
				CODE_SIGN_STYLE = Automatic;
				CURRENT_PROJECT_VERSION = 1;
				DEVELOPMENT_TEAM = 2XN7A3Y7GG;
				ENABLE_PREVIEWS = YES;
				GENERATE_INFOPLIST_FILE = YES;
				INFOPLIST_FILE = Campfire/Info.plist;
				INFOPLIST_KEY_NSContactsUsageDescription = "This app requires access to your contacts to enable Catchups.";
				INFOPLIST_KEY_UIApplicationSceneManifest_Generation = YES;
				INFOPLIST_KEY_UIApplicationSupportsIndirectInputEvents = YES;
				INFOPLIST_KEY_UILaunchScreen_Generation = YES;
				INFOPLIST_KEY_UISupportedInterfaceOrientations_iPad = "UIInterfaceOrientationPortrait UIInterfaceOrientationPortraitUpsideDown UIInterfaceOrientationLandscapeLeft UIInterfaceOrientationLandscapeRight";
				INFOPLIST_KEY_UISupportedInterfaceOrientations_iPhone = "UIInterfaceOrientationPortrait UIInterfaceOrientationLandscapeLeft UIInterfaceOrientationLandscapeRight";
				IPHONEOS_DEPLOYMENT_TARGET = 18.0;
				LD_RUNPATH_SEARCH_PATHS = (
					"$(inherited)",
					"@executable_path/Frameworks",
				);
				MARKETING_VERSION = 1.0;
				PRODUCT_BUNDLE_IDENTIFIER = justinwong.Campfire;
				PRODUCT_NAME = "$(TARGET_NAME)";
				SWIFT_EMIT_LOC_STRINGS = YES;
				SWIFT_VERSION = 5.0;
				TARGETED_DEVICE_FAMILY = "1,2";
			};
			name = Debug;
		};
		E8F00C062DB42B7C007BDCD1 /* Release */ = {
			isa = XCBuildConfiguration;
			buildSettings = {
				ASSETCATALOG_COMPILER_APPICON_NAME = AppIcon;
				ASSETCATALOG_COMPILER_GLOBAL_ACCENT_COLOR_NAME = AccentColor;
				CODE_SIGN_STYLE = Automatic;
				CURRENT_PROJECT_VERSION = 1;
				DEVELOPMENT_TEAM = 2XN7A3Y7GG;
				ENABLE_PREVIEWS = YES;
				GENERATE_INFOPLIST_FILE = YES;
				INFOPLIST_FILE = Campfire/Info.plist;
				INFOPLIST_KEY_NSContactsUsageDescription = "This app requires access to your contacts to enable Catchups.";
				INFOPLIST_KEY_UIApplicationSceneManifest_Generation = YES;
				INFOPLIST_KEY_UIApplicationSupportsIndirectInputEvents = YES;
				INFOPLIST_KEY_UILaunchScreen_Generation = YES;
				INFOPLIST_KEY_UISupportedInterfaceOrientations_iPad = "UIInterfaceOrientationPortrait UIInterfaceOrientationPortraitUpsideDown UIInterfaceOrientationLandscapeLeft UIInterfaceOrientationLandscapeRight";
				INFOPLIST_KEY_UISupportedInterfaceOrientations_iPhone = "UIInterfaceOrientationPortrait UIInterfaceOrientationLandscapeLeft UIInterfaceOrientationLandscapeRight";
				IPHONEOS_DEPLOYMENT_TARGET = 18.0;
				LD_RUNPATH_SEARCH_PATHS = (
					"$(inherited)",
					"@executable_path/Frameworks",
				);
				MARKETING_VERSION = 1.0;
				PRODUCT_BUNDLE_IDENTIFIER = justinwong.Campfire;
				PRODUCT_NAME = "$(TARGET_NAME)";
				SWIFT_EMIT_LOC_STRINGS = YES;
				SWIFT_VERSION = 5.0;
				TARGETED_DEVICE_FAMILY = "1,2";
			};
			name = Release;
		};
/* End XCBuildConfiguration section */

/* Begin XCConfigurationList section */
		E8F00BF42DB42B7A007BDCD1 /* Build configuration list for PBXProject "Campfire" */ = {
			isa = XCConfigurationList;
			buildConfigurations = (
				E8F00C022DB42B7C007BDCD1 /* Debug */,
				E8F00C032DB42B7C007BDCD1 /* Release */,
			);
			defaultConfigurationIsVisible = 0;
			defaultConfigurationName = Release;
		};
		E8F00C042DB42B7C007BDCD1 /* Build configuration list for PBXNativeTarget "Campfire" */ = {
			isa = XCConfigurationList;
			buildConfigurations = (
				E8F00C052DB42B7C007BDCD1 /* Debug */,
				E8F00C062DB42B7C007BDCD1 /* Release */,
			);
			defaultConfigurationIsVisible = 0;
			defaultConfigurationName = Release;
		};
/* End XCConfigurationList section */
	};
	rootObject = E8F00BF12DB42B7A007BDCD1 /* Project object */;
}
